
Microsoft Visual Studio Solution File, Format Version 12.00
# Visual Studio 15
VisualStudioVersion = 15.0.27130.2010
MinimumVisualStudioVersion = 10.0.40219.1
Project("{FAE04EC0-301F-11D3-BF4B-00C04F79EFBC}") = "EMCSSampleConsoleApp", "EMCSSampleConsoleApp\EMCSSampleConsoleApp.csproj", "{98DA8C7C-9CCE-4FE0-991E-92B6943F8200}"
EndProject
Global
	GlobalSection(SolutionConfigurationPlatforms) = preSolution
		Debug|Any CPU = Debug|Any CPU
		Release|Any CPU = Release|Any CPU
	EndGlobalSection
	GlobalSection(ProjectConfigurationPlatforms) = postSolution
		{98DA8C7C-9CCE-4FE0-991E-92B6943F8200}.Debug|Any CPU.ActiveCfg = Debug|Any CPU
		{98DA8C7C-9CCE-4FE0-991E-92B6943F8200}.Debug|Any CPU.Build.0 = Debug|Any CPU
		{98DA8C7C-9CCE-4FE0-991E-92B6943F8200}.Release|Any CPU.ActiveCfg = Release|Any CPU
		{98DA8C7C-9CCE-4FE0-991E-92B6943F8200}.Release|Any CPU.Build.0 = Release|Any CPU
	EndGlobalSection
	GlobalSection(SolutionProperties) = preSolution
		HideSolutionNode = FALSE
	EndGlobalSection
	GlobalSection(ExtensibilityGlobals) = postSolution
		SolutionGuid = {7B146F2A-F610-469A-9AE6-21E26911594D}
	EndGlobalSection
EndGlobal
